
Microsoft Visual Studio Solution File, Format Version 12.00
# Visual Studio 15
VisualStudioVersion = 15.0.28307.572
MinimumVisualStudioVersion = 10.0.40219.1
Project("{FAE04EC0-301F-11D3-BF4B-00C04F79EFBC}") = "Fortune Teller Correction", "Fortune Teller Correction\Fortune Teller Correction.csproj", "{BDA378E4-46EB-4DD4-9E05-5871E4C2D370}"
EndProject
Global
	GlobalSection(SolutionConfigurationPlatforms) = preSolution
		Debug|Any CPU = Debug|Any CPU
		Release|Any CPU = Release|Any CPU
	EndGlobalSection
	GlobalSection(ProjectConfigurationPlatforms) = postSolution
		{BDA378E4-46EB-4DD4-9E05-5871E4C2D370}.Debug|Any CPU.ActiveCfg = Debug|Any CPU
		{BDA378E4-46EB-4DD4-9E05-5871E4C2D370}.Debug|Any CPU.Build.0 = Debug|Any CPU
		{BDA378E4-46EB-4DD4-9E05-5871E4C2D370}.Release|Any CPU.ActiveCfg = Release|Any CPU
		{BDA378E4-46EB-4DD4-9E05-5871E4C2D370}.Release|Any CPU.Build.0 = Release|Any CPU
	EndGlobalSection
	GlobalSection(SolutionProperties) = preSolution
		HideSolutionNode = FALSE
	EndGlobalSection
	GlobalSection(ExtensibilityGlobals) = postSolution
		SolutionGuid = {D42A522C-6EFB-4490-93D1-8321A3928F07}
	EndGlobalSection
EndGlobal
